
Microsoft Visual Studio Solution File, Format Version 12.00
# Visual Studio Version 17
VisualStudioVersion = 17.4.33205.214
MinimumVisualStudioVersion = 10.0.40219.1
Project("{9A19103F-16F7-4668-BE54-9A1E7A4F7556}") = "Flow.Api", "src\Flow.Api\Flow.Api.csproj", "{40AFAFE2-850D-42E6-A55C-523AB3560AC8}"
EndProject
Project("{9A19103F-16F7-4668-BE54-9A1E7A4F7556}") = "Flow.Domain", "src\Flow.Domain\Flow.Domain.csproj", "{0523753F-EF32-4A49-8C98-1710D51272BA}"
EndProject
Project("{9A19103F-16F7-4668-BE54-9A1E7A4F7556}") = "Flow.Migration.Console", "utils\Flow.Migration.Console\Flow.Migration.Console.csproj", "{3C1372C7-E533-4F9D-867C-96EF7F0C6CDA}"
EndProject
Project("{2150E333-8FDC-42A3-9474-1A3956D46DE8}") = "src", "src", "{5369AD6E-02AD-4D7F-AA09-F94691F76A22}"
EndProject
Project("{2150E333-8FDC-42A3-9474-1A3956D46DE8}") = "test", "test", "{A0E55A5C-BAA0-4BBE-A7FB-7AC101C685FC}"
EndProject
Project("{9A19103F-16F7-4668-BE54-9A1E7A4F7556}") = "Flow.Business.Tests", "test\Flow.Business.Tests\Flow.Business.Tests.csproj", "{762E7A89-C48A-47FD-9202-7D1F3B346AFE}"
EndProject
Project("{2150E333-8FDC-42A3-9474-1A3956D46DE8}") = "utils", "utils", "{0213122B-B2C6-4981-ACB2-B4C6E5CB6E67}"
EndProject
Project("{9A19103F-16F7-4668-BE54-9A1E7A4F7556}") = "Flow.Application", "src\Flow.Application\Flow.Application.csproj", "{171C73CF-F695-4AA4-8CD1-08723FFCD775}"
EndProject
Project("{9A19103F-16F7-4668-BE54-9A1E7A4F7556}") = "Flow.Infrastructure", "src\Flow.Infrastructure\Flow.Infrastructure.csproj", "{252EDC00-00A8-4217-81CE-54487F24CC79}"
EndProject
Project("{E53339B2-1760-4266-BCC7-CA923CBCF16C}") = "docker-compose", "docker-compose.dcproj", "{05D08194-350B-4520-AE3F-09B57F2FAE07}"
EndProject
Project("{2150E333-8FDC-42A3-9474-1A3956D46DE8}") = "Solution Items", "Solution Items", "{95F67F92-F53D-41E0-9D19-C78571D9EC0D}"
	ProjectSection(SolutionItems) = preProject
		Directory.Packages.props = Directory.Packages.props
	EndProjectSection
EndProject
Global
	GlobalSection(SolutionConfigurationPlatforms) = preSolution
		Debug|Any CPU = Debug|Any CPU
		Release|Any CPU = Release|Any CPU
	EndGlobalSection
	GlobalSection(ProjectConfigurationPlatforms) = postSolution
		{40AFAFE2-850D-42E6-A55C-523AB3560AC8}.Debug|Any CPU.ActiveCfg = Debug|Any CPU
		{40AFAFE2-850D-42E6-A55C-523AB3560AC8}.Debug|Any CPU.Build.0 = Debug|Any CPU
		{40AFAFE2-850D-42E6-A55C-523AB3560AC8}.Release|Any CPU.ActiveCfg = Release|Any CPU
		{40AFAFE2-850D-42E6-A55C-523AB3560AC8}.Release|Any CPU.Build.0 = Release|Any CPU
		{0523753F-EF32-4A49-8C98-1710D51272BA}.Debug|Any CPU.ActiveCfg = Debug|Any CPU
		{0523753F-EF32-4A49-8C98-1710D51272BA}.Debug|Any CPU.Build.0 = Debug|Any CPU
		{0523753F-EF32-4A49-8C98-1710D51272BA}.Release|Any CPU.ActiveCfg = Release|Any CPU
		{0523753F-EF32-4A49-8C98-1710D51272BA}.Release|Any CPU.Build.0 = Release|Any CPU
		{3C1372C7-E533-4F9D-867C-96EF7F0C6CDA}.Debug|Any CPU.ActiveCfg = Debug|Any CPU
		{3C1372C7-E533-4F9D-867C-96EF7F0C6CDA}.Debug|Any CPU.Build.0 = Debug|Any CPU
		{3C1372C7-E533-4F9D-867C-96EF7F0C6CDA}.Release|Any CPU.ActiveCfg = Release|Any CPU
		{3C1372C7-E533-4F9D-867C-96EF7F0C6CDA}.Release|Any CPU.Build.0 = Release|Any CPU
		{762E7A89-C48A-47FD-9202-7D1F3B346AFE}.Debug|Any CPU.ActiveCfg = Debug|Any CPU
		{762E7A89-C48A-47FD-9202-7D1F3B346AFE}.Debug|Any CPU.Build.0 = Debug|Any CPU
		{762E7A89-C48A-47FD-9202-7D1F3B346AFE}.Release|Any CPU.ActiveCfg = Release|Any CPU
		{762E7A89-C48A-47FD-9202-7D1F3B346AFE}.Release|Any CPU.Build.0 = Release|Any CPU
		{171C73CF-F695-4AA4-8CD1-08723FFCD775}.Debug|Any CPU.ActiveCfg = Debug|Any CPU
		{171C73CF-F695-4AA4-8CD1-08723FFCD775}.Debug|Any CPU.Build.0 = Debug|Any CPU
		{171C73CF-F695-4AA4-8CD1-08723FFCD775}.Release|Any CPU.ActiveCfg = Release|Any CPU
		{171C73CF-F695-4AA4-8CD1-08723FFCD775}.Release|Any CPU.Build.0 = Release|Any CPU
		{252EDC00-00A8-4217-81CE-54487F24CC79}.Debug|Any CPU.ActiveCfg = Debug|Any CPU
		{252EDC00-00A8-4217-81CE-54487F24CC79}.Debug|Any CPU.Build.0 = Debug|Any CPU
		{252EDC00-00A8-4217-81CE-54487F24CC79}.Release|Any CPU.ActiveCfg = Release|Any CPU
		{252EDC00-00A8-4217-81CE-54487F24CC79}.Release|Any CPU.Build.0 = Release|Any CPU
		{05D08194-350B-4520-AE3F-09B57F2FAE07}.Debug|Any CPU.ActiveCfg = Debug|Any CPU
		{05D08194-350B-4520-AE3F-09B57F2FAE07}.Debug|Any CPU.Build.0 = Debug|Any CPU
		{05D08194-350B-4520-AE3F-09B57F2FAE07}.Release|Any CPU.ActiveCfg = Release|Any CPU
		{05D08194-350B-4520-AE3F-09B57F2FAE07}.Release|Any CPU.Build.0 = Release|Any CPU
	EndGlobalSection
	GlobalSection(SolutionProperties) = preSolution
		HideSolutionNode = FALSE
	EndGlobalSection
	GlobalSection(NestedProjects) = preSolution
		{40AFAFE2-850D-42E6-A55C-523AB3560AC8} = {5369AD6E-02AD-4D7F-AA09-F94691F76A22}
		{0523753F-EF32-4A49-8C98-1710D51272BA} = {5369AD6E-02AD-4D7F-AA09-F94691F76A22}
		{3C1372C7-E533-4F9D-867C-96EF7F0C6CDA} = {0213122B-B2C6-4981-ACB2-B4C6E5CB6E67}
		{762E7A89-C48A-47FD-9202-7D1F3B346AFE} = {A0E55A5C-BAA0-4BBE-A7FB-7AC101C685FC}
		{171C73CF-F695-4AA4-8CD1-08723FFCD775} = {5369AD6E-02AD-4D7F-AA09-F94691F76A22}
		{252EDC00-00A8-4217-81CE-54487F24CC79} = {5369AD6E-02AD-4D7F-AA09-F94691F76A22}
	EndGlobalSection
	GlobalSection(ExtensibilityGlobals) = postSolution
		SolutionGuid = {08D92713-E93A-4A18-B1F4-060CD09ED098}
	EndGlobalSection
EndGlobal
