
Microsoft Visual Studio Solution File, Format Version 12.00
# Visual Studio Version 17
VisualStudioVersion = 17.4.33205.214
MinimumVisualStudioVersion = 10.0.40219.1
Project("{9A19103F-16F7-4668-BE54-9A1E7A4F7556}") = "Flow.Api", "src\Flow.Api\Flow.Api.csproj", "{40AFAFE2-850D-42E6-A55C-523AB3560AC8}"
EndProject
Project("{9A19103F-16F7-4668-BE54-9A1E7A4F7556}") = "Flow.DataAccess", "src\Flow.DataAccess\Flow.DataAccess.csproj", "{A8B71ACE-E92A-4062-B18E-5CEB69E2203A}"
EndProject
Project("{9A19103F-16F7-4668-BE54-9A1E7A4F7556}") = "Flow.Business", "src\Flow.Business\Flow.Business.csproj", "{11E42AD4-35D8-47B6-9200-4980D91C0C78}"
EndProject
Project("{9A19103F-16F7-4668-BE54-9A1E7A4F7556}") = "Flow.Entities", "src\Flow.Entities\Flow.Entities.csproj", "{0523753F-EF32-4A49-8C98-1710D51272BA}"
EndProject
Project("{9A19103F-16F7-4668-BE54-9A1E7A4F7556}") = "Flow.Migration.Console", "src\Flow.Migration.Console\Flow.Migration.Console.csproj", "{3C1372C7-E533-4F9D-867C-96EF7F0C6CDA}"
EndProject
Project("{2150E333-8FDC-42A3-9474-1A3956D46DE8}") = "src", "src", "{5369AD6E-02AD-4D7F-AA09-F94691F76A22}"
EndProject
Project("{2150E333-8FDC-42A3-9474-1A3956D46DE8}") = "test", "test", "{A0E55A5C-BAA0-4BBE-A7FB-7AC101C685FC}"
EndProject
Project("{9A19103F-16F7-4668-BE54-9A1E7A4F7556}") = "Flow.DataAccess.Contracts", "src\Flow.DataAccess.Contracts\Flow.DataAccess.Contracts.csproj", "{1E13B172-8507-4ECC-AC3D-DA3DA86BE562}"
EndProject
Project("{9A19103F-16F7-4668-BE54-9A1E7A4F7556}") = "Flow.Business.Tests", "test\Flow.Business.Tests\Flow.Business.Tests.csproj", "{762E7A89-C48A-47FD-9202-7D1F3B346AFE}"
EndProject
Project("{9A19103F-16F7-4668-BE54-9A1E7A4F7556}") = "Flow.Entities.Core", "src\Flow.Entities.Core\Flow.Entities.Core.csproj", "{268332D7-7341-462A-BF12-5A23129ECA45}"
EndProject
Global
	GlobalSection(SolutionConfigurationPlatforms) = preSolution
		Debug|Any CPU = Debug|Any CPU
		Release|Any CPU = Release|Any CPU
	EndGlobalSection
	GlobalSection(ProjectConfigurationPlatforms) = postSolution
		{40AFAFE2-850D-42E6-A55C-523AB3560AC8}.Debug|Any CPU.ActiveCfg = Debug|Any CPU
		{40AFAFE2-850D-42E6-A55C-523AB3560AC8}.Debug|Any CPU.Build.0 = Debug|Any CPU
		{40AFAFE2-850D-42E6-A55C-523AB3560AC8}.Release|Any CPU.ActiveCfg = Release|Any CPU
		{40AFAFE2-850D-42E6-A55C-523AB3560AC8}.Release|Any CPU.Build.0 = Release|Any CPU
		{A8B71ACE-E92A-4062-B18E-5CEB69E2203A}.Debug|Any CPU.ActiveCfg = Debug|Any CPU
		{A8B71ACE-E92A-4062-B18E-5CEB69E2203A}.Debug|Any CPU.Build.0 = Debug|Any CPU
		{A8B71ACE-E92A-4062-B18E-5CEB69E2203A}.Release|Any CPU.ActiveCfg = Release|Any CPU
		{A8B71ACE-E92A-4062-B18E-5CEB69E2203A}.Release|Any CPU.Build.0 = Release|Any CPU
		{11E42AD4-35D8-47B6-9200-4980D91C0C78}.Debug|Any CPU.ActiveCfg = Debug|Any CPU
		{11E42AD4-35D8-47B6-9200-4980D91C0C78}.Debug|Any CPU.Build.0 = Debug|Any CPU
		{11E42AD4-35D8-47B6-9200-4980D91C0C78}.Release|Any CPU.ActiveCfg = Release|Any CPU
		{11E42AD4-35D8-47B6-9200-4980D91C0C78}.Release|Any CPU.Build.0 = Release|Any CPU
		{0523753F-EF32-4A49-8C98-1710D51272BA}.Debug|Any CPU.ActiveCfg = Debug|Any CPU
		{0523753F-EF32-4A49-8C98-1710D51272BA}.Debug|Any CPU.Build.0 = Debug|Any CPU
		{0523753F-EF32-4A49-8C98-1710D51272BA}.Release|Any CPU.ActiveCfg = Release|Any CPU
		{0523753F-EF32-4A49-8C98-1710D51272BA}.Release|Any CPU.Build.0 = Release|Any CPU
		{3C1372C7-E533-4F9D-867C-96EF7F0C6CDA}.Debug|Any CPU.ActiveCfg = Debug|Any CPU
		{3C1372C7-E533-4F9D-867C-96EF7F0C6CDA}.Debug|Any CPU.Build.0 = Debug|Any CPU
		{3C1372C7-E533-4F9D-867C-96EF7F0C6CDA}.Release|Any CPU.ActiveCfg = Release|Any CPU
		{3C1372C7-E533-4F9D-867C-96EF7F0C6CDA}.Release|Any CPU.Build.0 = Release|Any CPU
		{1E13B172-8507-4ECC-AC3D-DA3DA86BE562}.Debug|Any CPU.ActiveCfg = Debug|Any CPU
		{1E13B172-8507-4ECC-AC3D-DA3DA86BE562}.Debug|Any CPU.Build.0 = Debug|Any CPU
		{1E13B172-8507-4ECC-AC3D-DA3DA86BE562}.Release|Any CPU.ActiveCfg = Release|Any CPU
		{1E13B172-8507-4ECC-AC3D-DA3DA86BE562}.Release|Any CPU.Build.0 = Release|Any CPU
		{762E7A89-C48A-47FD-9202-7D1F3B346AFE}.Debug|Any CPU.ActiveCfg = Debug|Any CPU
		{762E7A89-C48A-47FD-9202-7D1F3B346AFE}.Debug|Any CPU.Build.0 = Debug|Any CPU
		{762E7A89-C48A-47FD-9202-7D1F3B346AFE}.Release|Any CPU.ActiveCfg = Release|Any CPU
		{762E7A89-C48A-47FD-9202-7D1F3B346AFE}.Release|Any CPU.Build.0 = Release|Any CPU
		{268332D7-7341-462A-BF12-5A23129ECA45}.Debug|Any CPU.ActiveCfg = Debug|Any CPU
		{268332D7-7341-462A-BF12-5A23129ECA45}.Debug|Any CPU.Build.0 = Debug|Any CPU
		{268332D7-7341-462A-BF12-5A23129ECA45}.Release|Any CPU.ActiveCfg = Release|Any CPU
		{268332D7-7341-462A-BF12-5A23129ECA45}.Release|Any CPU.Build.0 = Release|Any CPU
	EndGlobalSection
	GlobalSection(SolutionProperties) = preSolution
		HideSolutionNode = FALSE
	EndGlobalSection
	GlobalSection(NestedProjects) = preSolution
		{40AFAFE2-850D-42E6-A55C-523AB3560AC8} = {5369AD6E-02AD-4D7F-AA09-F94691F76A22}
		{A8B71ACE-E92A-4062-B18E-5CEB69E2203A} = {5369AD6E-02AD-4D7F-AA09-F94691F76A22}
		{11E42AD4-35D8-47B6-9200-4980D91C0C78} = {5369AD6E-02AD-4D7F-AA09-F94691F76A22}
		{0523753F-EF32-4A49-8C98-1710D51272BA} = {5369AD6E-02AD-4D7F-AA09-F94691F76A22}
		{3C1372C7-E533-4F9D-867C-96EF7F0C6CDA} = {5369AD6E-02AD-4D7F-AA09-F94691F76A22}
		{1E13B172-8507-4ECC-AC3D-DA3DA86BE562} = {5369AD6E-02AD-4D7F-AA09-F94691F76A22}
		{762E7A89-C48A-47FD-9202-7D1F3B346AFE} = {A0E55A5C-BAA0-4BBE-A7FB-7AC101C685FC}
		{268332D7-7341-462A-BF12-5A23129ECA45} = {5369AD6E-02AD-4D7F-AA09-F94691F76A22}
	EndGlobalSection
	GlobalSection(ExtensibilityGlobals) = postSolution
		SolutionGuid = {08D92713-E93A-4A18-B1F4-060CD09ED098}
	EndGlobalSection
EndGlobal
